// !$*UTF8*$!
{
	archiveVersion = 1;
	classes = {
	};
	objectVersion = 50;
	objects = {

/* Begin PBXBuildFile section */
		843D1A53E6FC0FBA07688CE8 /* Pods_RxTodo.framework in Frameworks */ = {isa = PBXBuildFile; fileRef = 1B0752C63E265E6B8C3D3907 /* Pods_RxTodo.framework */; };
		9AAC1FA32199A26E00854093 /* AppDelegate.swift in Sources */ = {isa = PBXBuildFile; fileRef = 9AAC1FA22199A26E00854093 /* AppDelegate.swift */; };
		9AAC1FA82199A26E00854093 /* Main.storyboard in Resources */ = {isa = PBXBuildFile; fileRef = 9AAC1FA62199A26E00854093 /* Main.storyboard */; };
		9AAC1FAA2199A26E00854093 /* Assets.xcassets in Resources */ = {isa = PBXBuildFile; fileRef = 9AAC1FA92199A26E00854093 /* Assets.xcassets */; };
		9AAC1FAD2199A26E00854093 /* LaunchScreen.storyboard in Resources */ = {isa = PBXBuildFile; fileRef = 9AAC1FAB2199A26E00854093 /* LaunchScreen.storyboard */; };
		9AAC1FB82199A40C00854093 /* Scene.swift in Sources */ = {isa = PBXBuildFile; fileRef = 9AAC1FB72199A40C00854093 /* Scene.swift */; };
		9AAC1FBB2199A47D00854093 /* UINavigationController+Rx.swift in Sources */ = {isa = PBXBuildFile; fileRef = 9AAC1FBA2199A47D00854093 /* UINavigationController+Rx.swift */; };
		9AAC1FBE2199A77B00854093 /* TaskItem.swift in Sources */ = {isa = PBXBuildFile; fileRef = 9AAC1FBD2199A77B00854093 /* TaskItem.swift */; };
		9AAC1FC02199A7C900854093 /* SceneCoordinatorType.swift in Sources */ = {isa = PBXBuildFile; fileRef = 9AAC1FBF2199A7C900854093 /* SceneCoordinatorType.swift */; };
		9AAC1FC22199A8A500854093 /* SceneTransitionType.swift in Sources */ = {isa = PBXBuildFile; fileRef = 9AAC1FC12199A8A500854093 /* SceneTransitionType.swift */; };
		9AAC1FC42199A98A00854093 /* SceneCoordinator.swift in Sources */ = {isa = PBXBuildFile; fileRef = 9AAC1FC32199A98A00854093 /* SceneCoordinator.swift */; };
		9AAC1FC82199AFE800854093 /* TaskServiceType.swift in Sources */ = {isa = PBXBuildFile; fileRef = 9AAC1FC72199AFE800854093 /* TaskServiceType.swift */; };
		9AAC1FCA2199B06F00854093 /* TaskService.swift in Sources */ = {isa = PBXBuildFile; fileRef = 9AAC1FC92199B06F00854093 /* TaskService.swift */; };
/* End PBXBuildFile section */

/* Begin PBXFileReference section */
		1B0752C63E265E6B8C3D3907 /* Pods_RxTodo.framework */ = {isa = PBXFileReference; explicitFileType = wrapper.framework; includeInIndex = 0; path = Pods_RxTodo.framework; sourceTree = BUILT_PRODUCTS_DIR; };
		51F76AD3E1DA86B4771D8E7B /* Pods-RxTodo.debug.xcconfig */ = {isa = PBXFileReference; includeInIndex = 1; lastKnownFileType = text.xcconfig; name = "Pods-RxTodo.debug.xcconfig"; path = "Target Support Files/Pods-RxTodo/Pods-RxTodo.debug.xcconfig"; sourceTree = "<group>"; };
		967416D6CFAE6F2A96E58885 /* Pods-RxTodo.release.xcconfig */ = {isa = PBXFileReference; includeInIndex = 1; lastKnownFileType = text.xcconfig; name = "Pods-RxTodo.release.xcconfig"; path = "Target Support Files/Pods-RxTodo/Pods-RxTodo.release.xcconfig"; sourceTree = "<group>"; };
		9AAC1F9F2199A26E00854093 /* RxTodo.app */ = {isa = PBXFileReference; explicitFileType = wrapper.application; includeInIndex = 0; path = RxTodo.app; sourceTree = BUILT_PRODUCTS_DIR; };
		9AAC1FA22199A26E00854093 /* AppDelegate.swift */ = {isa = PBXFileReference; lastKnownFileType = sourcecode.swift; path = AppDelegate.swift; sourceTree = "<group>"; };
		9AAC1FA72199A26E00854093 /* Base */ = {isa = PBXFileReference; lastKnownFileType = file.storyboard; name = Base; path = Base.lproj/Main.storyboard; sourceTree = "<group>"; };
		9AAC1FA92199A26E00854093 /* Assets.xcassets */ = {isa = PBXFileReference; lastKnownFileType = folder.assetcatalog; path = Assets.xcassets; sourceTree = "<group>"; };
		9AAC1FAC2199A26E00854093 /* Base */ = {isa = PBXFileReference; lastKnownFileType = file.storyboard; name = Base; path = Base.lproj/LaunchScreen.storyboard; sourceTree = "<group>"; };
		9AAC1FAE2199A26E00854093 /* Info.plist */ = {isa = PBXFileReference; lastKnownFileType = text.plist.xml; path = Info.plist; sourceTree = "<group>"; };
		9AAC1FB72199A40C00854093 /* Scene.swift */ = {isa = PBXFileReference; lastKnownFileType = sourcecode.swift; path = Scene.swift; sourceTree = "<group>"; };
		9AAC1FBA2199A47D00854093 /* UINavigationController+Rx.swift */ = {isa = PBXFileReference; lastKnownFileType = sourcecode.swift; path = "UINavigationController+Rx.swift"; sourceTree = "<group>"; };
		9AAC1FBD2199A77B00854093 /* TaskItem.swift */ = {isa = PBXFileReference; lastKnownFileType = sourcecode.swift; path = TaskItem.swift; sourceTree = "<group>"; };
		9AAC1FBF2199A7C900854093 /* SceneCoordinatorType.swift */ = {isa = PBXFileReference; lastKnownFileType = sourcecode.swift; path = SceneCoordinatorType.swift; sourceTree = "<group>"; };
		9AAC1FC12199A8A500854093 /* SceneTransitionType.swift */ = {isa = PBXFileReference; lastKnownFileType = sourcecode.swift; path = SceneTransitionType.swift; sourceTree = "<group>"; };
		9AAC1FC32199A98A00854093 /* SceneCoordinator.swift */ = {isa = PBXFileReference; lastKnownFileType = sourcecode.swift; path = SceneCoordinator.swift; sourceTree = "<group>"; };
		9AAC1FC72199AFE800854093 /* TaskServiceType.swift */ = {isa = PBXFileReference; lastKnownFileType = sourcecode.swift; path = TaskServiceType.swift; sourceTree = "<group>"; };
		9AAC1FC92199B06F00854093 /* TaskService.swift */ = {isa = PBXFileReference; lastKnownFileType = sourcecode.swift; path = TaskService.swift; sourceTree = "<group>"; };
/* End PBXFileReference section */

/* Begin PBXFrameworksBuildPhase section */
		9AAC1F9C2199A26E00854093 /* Frameworks */ = {
			isa = PBXFrameworksBuildPhase;
			buildActionMask = 2147483647;
			files = (
				843D1A53E6FC0FBA07688CE8 /* Pods_RxTodo.framework in Frameworks */,
			);
			runOnlyForDeploymentPostprocessing = 0;
		};
/* End PBXFrameworksBuildPhase section */

/* Begin PBXGroup section */
		9AAC1F962199A26E00854093 = {
			isa = PBXGroup;
			children = (
				9AAC1FA12199A26E00854093 /* RxTodo */,
				9AAC1FA02199A26E00854093 /* Products */,
				F69B2088E21FA1CA7830C649 /* Pods */,
				E01EC931324A5428128571DB /* Frameworks */,
			);
			sourceTree = "<group>";
		};
		9AAC1FA02199A26E00854093 /* Products */ = {
			isa = PBXGroup;
			children = (
				9AAC1F9F2199A26E00854093 /* RxTodo.app */,
			);
			name = Products;
			sourceTree = "<group>";
		};
		9AAC1FA12199A26E00854093 /* RxTodo */ = {
			isa = PBXGroup;
			children = (
				9AAC1FC62199AFBA00854093 /* Services */,
				9AAC1FBC2199A76000854093 /* Model */,
				9AAC1FB92199A43200854093 /* Extensions */,
				9AAC1FB62199A3ED00854093 /* Scenes */,
				9AAC1FB42199A38000854093 /* SystemFiels */,
				9AAC1FB52199A3B900854093 /* Resouces */,
			);
			path = RxTodo;
			sourceTree = "<group>";
		};
		9AAC1FB42199A38000854093 /* SystemFiels */ = {
			isa = PBXGroup;
			children = (
				9AAC1FA22199A26E00854093 /* AppDelegate.swift */,
				9AAC1FAE2199A26E00854093 /* Info.plist */,
			);
			path = SystemFiels;
			sourceTree = "<group>";
		};
		9AAC1FB52199A3B900854093 /* Resouces */ = {
			isa = PBXGroup;
			children = (
				9AAC1FA62199A26E00854093 /* Main.storyboard */,
				9AAC1FA92199A26E00854093 /* Assets.xcassets */,
				9AAC1FAB2199A26E00854093 /* LaunchScreen.storyboard */,
			);
			path = Resouces;
			sourceTree = "<group>";
		};
		9AAC1FB62199A3ED00854093 /* Scenes */ = {
			isa = PBXGroup;
			children = (
				9AAC1FB72199A40C00854093 /* Scene.swift */,
				9AAC1FBF2199A7C900854093 /* SceneCoordinatorType.swift */,
				9AAC1FC12199A8A500854093 /* SceneTransitionType.swift */,
				9AAC1FC32199A98A00854093 /* SceneCoordinator.swift */,
			);
			path = Scenes;
			sourceTree = "<group>";
		};
		9AAC1FB92199A43200854093 /* Extensions */ = {
			isa = PBXGroup;
			children = (
				9AAC1FBA2199A47D00854093 /* UINavigationController+Rx.swift */,
			);
			path = Extensions;
			sourceTree = "<group>";
		};
		9AAC1FBC2199A76000854093 /* Model */ = {
			isa = PBXGroup;
			children = (
				9AAC1FBD2199A77B00854093 /* TaskItem.swift */,
			);
			path = Model;
			sourceTree = "<group>";
		};
		9AAC1FC62199AFBA00854093 /* Services */ = {
			isa = PBXGroup;
			children = (
				9AAC1FC72199AFE800854093 /* TaskServiceType.swift */,
				9AAC1FC92199B06F00854093 /* TaskService.swift */,
			);
			path = Services;
			sourceTree = "<group>";
		};
		E01EC931324A5428128571DB /* Frameworks */ = {
			isa = PBXGroup;
			children = (
				1B0752C63E265E6B8C3D3907 /* Pods_RxTodo.framework */,
			);
			name = Frameworks;
			sourceTree = "<group>";
		};
		F69B2088E21FA1CA7830C649 /* Pods */ = {
			isa = PBXGroup;
			children = (
				51F76AD3E1DA86B4771D8E7B /* Pods-RxTodo.debug.xcconfig */,
				967416D6CFAE6F2A96E58885 /* Pods-RxTodo.release.xcconfig */,
			);
			path = Pods;
			sourceTree = "<group>";
		};
/* End PBXGroup section */

/* Begin PBXNativeTarget section */
		9AAC1F9E2199A26E00854093 /* RxTodo */ = {
			isa = PBXNativeTarget;
			buildConfigurationList = 9AAC1FB12199A26E00854093 /* Build configuration list for PBXNativeTarget "RxTodo" */;
			buildPhases = (
				10CA8EAD8F04B764D6E75F21 /* [CP] Check Pods Manifest.lock */,
				9AAC1F9B2199A26E00854093 /* Sources */,
				9AAC1F9C2199A26E00854093 /* Frameworks */,
				9AAC1F9D2199A26E00854093 /* Resources */,
				27775C7BD90FB5618AFDE852 /* [CP] Embed Pods Frameworks */,
			);
			buildRules = (
			);
			dependencies = (
			);
			name = RxTodo;
			productName = RxTodo;
			productReference = 9AAC1F9F2199A26E00854093 /* RxTodo.app */;
			productType = "com.apple.product-type.application";
		};
/* End PBXNativeTarget section */

/* Begin PBXProject section */
		9AAC1F972199A26E00854093 /* Project object */ = {
			isa = PBXProject;
			attributes = {
				LastSwiftUpdateCheck = 1000;
				LastUpgradeCheck = 1000;
				ORGANIZATIONNAME = "LTD Zebka";
				TargetAttributes = {
					9AAC1F9E2199A26E00854093 = {
						CreatedOnToolsVersion = 10.0;
					};
				};
			};
			buildConfigurationList = 9AAC1F9A2199A26E00854093 /* Build configuration list for PBXProject "RxTodo" */;
			compatibilityVersion = "Xcode 9.3";
			developmentRegion = en;
			hasScannedForEncodings = 0;
			knownRegions = (
				en,
				Base,
			);
			mainGroup = 9AAC1F962199A26E00854093;
			productRefGroup = 9AAC1FA02199A26E00854093 /* Products */;
			projectDirPath = "";
			projectRoot = "";
			targets = (
				9AAC1F9E2199A26E00854093 /* RxTodo */,
			);
		};
/* End PBXProject section */

/* Begin PBXResourcesBuildPhase section */
		9AAC1F9D2199A26E00854093 /* Resources */ = {
			isa = PBXResourcesBuildPhase;
			buildActionMask = 2147483647;
			files = (
				9AAC1FAD2199A26E00854093 /* LaunchScreen.storyboard in Resources */,
				9AAC1FAA2199A26E00854093 /* Assets.xcassets in Resources */,
				9AAC1FA82199A26E00854093 /* Main.storyboard in Resources */,
			);
			runOnlyForDeploymentPostprocessing = 0;
		};
/* End PBXResourcesBuildPhase section */

/* Begin PBXShellScriptBuildPhase section */
		10CA8EAD8F04B764D6E75F21 /* [CP] Check Pods Manifest.lock */ = {
			isa = PBXShellScriptBuildPhase;
			buildActionMask = 2147483647;
			files = (
			);
			inputFileListPaths = (
			);
			inputPaths = (
				"${PODS_PODFILE_DIR_PATH}/Podfile.lock",
				"${PODS_ROOT}/Manifest.lock",
			);
			name = "[CP] Check Pods Manifest.lock";
			outputFileListPaths = (
			);
			outputPaths = (
				"$(DERIVED_FILE_DIR)/Pods-RxTodo-checkManifestLockResult.txt",
			);
			runOnlyForDeploymentPostprocessing = 0;
			shellPath = /bin/sh;
			shellScript = "diff \"${PODS_PODFILE_DIR_PATH}/Podfile.lock\" \"${PODS_ROOT}/Manifest.lock\" > /dev/null\nif [ $? != 0 ] ; then\n    # print error to STDERR\n    echo \"error: The sandbox is not in sync with the Podfile.lock. Run 'pod install' or update your CocoaPods installation.\" >&2\n    exit 1\nfi\n# This output is used by Xcode 'outputs' to avoid re-running this script phase.\necho \"SUCCESS\" > \"${SCRIPT_OUTPUT_FILE_0}\"\n";
			showEnvVarsInLog = 0;
		};
		27775C7BD90FB5618AFDE852 /* [CP] Embed Pods Frameworks */ = {
			isa = PBXShellScriptBuildPhase;
			buildActionMask = 2147483647;
			files = (
			);
			inputFileListPaths = (
			);
			inputPaths = (
				"${PODS_ROOT}/Target Support Files/Pods-RxTodo/Pods-RxTodo-frameworks.sh",
				"${BUILT_PRODUCTS_DIR}/Action/Action.framework",
				"${BUILT_PRODUCTS_DIR}/Differentiator/Differentiator.framework",
				"${BUILT_PRODUCTS_DIR}/Realm/Realm.framework",
				"${BUILT_PRODUCTS_DIR}/RealmSwift/RealmSwift.framework",
				"${BUILT_PRODUCTS_DIR}/RxAtomic/RxAtomic.framework",
				"${BUILT_PRODUCTS_DIR}/RxCocoa/RxCocoa.framework",
				"${BUILT_PRODUCTS_DIR}/RxDataSources/RxDataSources.framework",
				"${BUILT_PRODUCTS_DIR}/RxRealm/RxRealm.framework",
				"${BUILT_PRODUCTS_DIR}/RxSwift/RxSwift.framework",
			);
			name = "[CP] Embed Pods Frameworks";
			outputFileListPaths = (
			);
			outputPaths = (
				"${TARGET_BUILD_DIR}/${FRAMEWORKS_FOLDER_PATH}/Action.framework",
				"${TARGET_BUILD_DIR}/${FRAMEWORKS_FOLDER_PATH}/Differentiator.framework",
				"${TARGET_BUILD_DIR}/${FRAMEWORKS_FOLDER_PATH}/Realm.framework",
				"${TARGET_BUILD_DIR}/${FRAMEWORKS_FOLDER_PATH}/RealmSwift.framework",
				"${TARGET_BUILD_DIR}/${FRAMEWORKS_FOLDER_PATH}/RxAtomic.framework",
				"${TARGET_BUILD_DIR}/${FRAMEWORKS_FOLDER_PATH}/RxCocoa.framework",
				"${TARGET_BUILD_DIR}/${FRAMEWORKS_FOLDER_PATH}/RxDataSources.framework",
				"${TARGET_BUILD_DIR}/${FRAMEWORKS_FOLDER_PATH}/RxRealm.framework",
				"${TARGET_BUILD_DIR}/${FRAMEWORKS_FOLDER_PATH}/RxSwift.framework",
			);
			runOnlyForDeploymentPostprocessing = 0;
			shellPath = /bin/sh;
			shellScript = "\"${PODS_ROOT}/Target Support Files/Pods-RxTodo/Pods-RxTodo-frameworks.sh\"\n";
			showEnvVarsInLog = 0;
		};
/* End PBXShellScriptBuildPhase section */

/* Begin PBXSourcesBuildPhase section */
		9AAC1F9B2199A26E00854093 /* Sources */ = {
			isa = PBXSourcesBuildPhase;
			buildActionMask = 2147483647;
			files = (
				9AAC1FBB2199A47D00854093 /* UINavigationController+Rx.swift in Sources */,
				9AAC1FB82199A40C00854093 /* Scene.swift in Sources */,
				9AAC1FCA2199B06F00854093 /* TaskService.swift in Sources */,
				9AAC1FC02199A7C900854093 /* SceneCoordinatorType.swift in Sources */,
				9AAC1FA32199A26E00854093 /* AppDelegate.swift in Sources */,
				9AAC1FBE2199A77B00854093 /* TaskItem.swift in Sources */,
				9AAC1FC42199A98A00854093 /* SceneCoordinator.swift in Sources */,
				9AAC1FC82199AFE800854093 /* TaskServiceType.swift in Sources */,
				9AAC1FC22199A8A500854093 /* SceneTransitionType.swift in Sources */,
			);
			runOnlyForDeploymentPostprocessing = 0;
		};
/* End PBXSourcesBuildPhase section */

/* Begin PBXVariantGroup section */
		9AAC1FA62199A26E00854093 /* Main.storyboard */ = {
			isa = PBXVariantGroup;
			children = (
				9AAC1FA72199A26E00854093 /* Base */,
			);
			name = Main.storyboard;
			sourceTree = "<group>";
		};
		9AAC1FAB2199A26E00854093 /* LaunchScreen.storyboard */ = {
			isa = PBXVariantGroup;
			children = (
				9AAC1FAC2199A26E00854093 /* Base */,
			);
			name = LaunchScreen.storyboard;
			sourceTree = "<group>";
		};
/* End PBXVariantGroup section */

/* Begin XCBuildConfiguration section */
		9AAC1FAF2199A26E00854093 /* Debug */ = {
			isa = XCBuildConfiguration;
			buildSettings = {
				ALWAYS_SEARCH_USER_PATHS = NO;
				CLANG_ANALYZER_NONNULL = YES;
				CLANG_ANALYZER_NUMBER_OBJECT_CONVERSION = YES_AGGRESSIVE;
				CLANG_CXX_LANGUAGE_STANDARD = "gnu++14";
				CLANG_CXX_LIBRARY = "libc++";
				CLANG_ENABLE_MODULES = YES;
				CLANG_ENABLE_OBJC_ARC = YES;
				CLANG_ENABLE_OBJC_WEAK = YES;
				CLANG_WARN_BLOCK_CAPTURE_AUTORELEASING = YES;
				CLANG_WARN_BOOL_CONVERSION = YES;
				CLANG_WARN_COMMA = YES;
				CLANG_WARN_CONSTANT_CONVERSION = YES;
				CLANG_WARN_DEPRECATED_OBJC_IMPLEMENTATIONS = YES;
				CLANG_WARN_DIRECT_OBJC_ISA_USAGE = YES_ERROR;
				CLANG_WARN_DOCUMENTATION_COMMENTS = YES;
				CLANG_WARN_EMPTY_BODY = YES;
				CLANG_WARN_ENUM_CONVERSION = YES;
				CLANG_WARN_INFINITE_RECURSION = YES;
				CLANG_WARN_INT_CONVERSION = YES;
				CLANG_WARN_NON_LITERAL_NULL_CONVERSION = YES;
				CLANG_WARN_OBJC_IMPLICIT_RETAIN_SELF = YES;
				CLANG_WARN_OBJC_LITERAL_CONVERSION = YES;
				CLANG_WARN_OBJC_ROOT_CLASS = YES_ERROR;
				CLANG_WARN_RANGE_LOOP_ANALYSIS = YES;
				CLANG_WARN_STRICT_PROTOTYPES = YES;
				CLANG_WARN_SUSPICIOUS_MOVE = YES;
				CLANG_WARN_UNGUARDED_AVAILABILITY = YES_AGGRESSIVE;
				CLANG_WARN_UNREACHABLE_CODE = YES;
				CLANG_WARN__DUPLICATE_METHOD_MATCH = YES;
				CODE_SIGN_IDENTITY = "iPhone Developer";
				COPY_PHASE_STRIP = NO;
				DEBUG_INFORMATION_FORMAT = dwarf;
				ENABLE_STRICT_OBJC_MSGSEND = YES;
				ENABLE_TESTABILITY = YES;
				GCC_C_LANGUAGE_STANDARD = gnu11;
				GCC_DYNAMIC_NO_PIC = NO;
				GCC_NO_COMMON_BLOCKS = YES;
				GCC_OPTIMIZATION_LEVEL = 0;
				GCC_PREPROCESSOR_DEFINITIONS = (
					"DEBUG=1",
					"$(inherited)",
				);
				GCC_WARN_64_TO_32_BIT_CONVERSION = YES;
				GCC_WARN_ABOUT_RETURN_TYPE = YES_ERROR;
				GCC_WARN_UNDECLARED_SELECTOR = YES;
				GCC_WARN_UNINITIALIZED_AUTOS = YES_AGGRESSIVE;
				GCC_WARN_UNUSED_FUNCTION = YES;
				GCC_WARN_UNUSED_VARIABLE = YES;
				IPHONEOS_DEPLOYMENT_TARGET = 12.0;
				MTL_ENABLE_DEBUG_INFO = INCLUDE_SOURCE;
				MTL_FAST_MATH = YES;
				ONLY_ACTIVE_ARCH = YES;
				SDKROOT = iphoneos;
				SWIFT_ACTIVE_COMPILATION_CONDITIONS = DEBUG;
				SWIFT_OPTIMIZATION_LEVEL = "-Onone";
			};
			name = Debug;
		};
		9AAC1FB02199A26E00854093 /* Release */ = {
			isa = XCBuildConfiguration;
			buildSettings = {
				ALWAYS_SEARCH_USER_PATHS = NO;
				CLANG_ANALYZER_NONNULL = YES;
				CLANG_ANALYZER_NUMBER_OBJECT_CONVERSION = YES_AGGRESSIVE;
				CLANG_CXX_LANGUAGE_STANDARD = "gnu++14";
				CLANG_CXX_LIBRARY = "libc++";
				CLANG_ENABLE_MODULES = YES;
				CLANG_ENABLE_OBJC_ARC = YES;
				CLANG_ENABLE_OBJC_WEAK = YES;
				CLANG_WARN_BLOCK_CAPTURE_AUTORELEASING = YES;
				CLANG_WARN_BOOL_CONVERSION = YES;
				CLANG_WARN_COMMA = YES;
				CLANG_WARN_CONSTANT_CONVERSION = YES;
				CLANG_WARN_DEPRECATED_OBJC_IMPLEMENTATIONS = YES;
				CLANG_WARN_DIRECT_OBJC_ISA_USAGE = YES_ERROR;
				CLANG_WARN_DOCUMENTATION_COMMENTS = YES;
				CLANG_WARN_EMPTY_BODY = YES;
				CLANG_WARN_ENUM_CONVERSION = YES;
				CLANG_WARN_INFINITE_RECURSION = YES;
				CLANG_WARN_INT_CONVERSION = YES;
				CLANG_WARN_NON_LITERAL_NULL_CONVERSION = YES;
				CLANG_WARN_OBJC_IMPLICIT_RETAIN_SELF = YES;
				CLANG_WARN_OBJC_LITERAL_CONVERSION = YES;
				CLANG_WARN_OBJC_ROOT_CLASS = YES_ERROR;
				CLANG_WARN_RANGE_LOOP_ANALYSIS = YES;
				CLANG_WARN_STRICT_PROTOTYPES = YES;
				CLANG_WARN_SUSPICIOUS_MOVE = YES;
				CLANG_WARN_UNGUARDED_AVAILABILITY = YES_AGGRESSIVE;
				CLANG_WARN_UNREACHABLE_CODE = YES;
				CLANG_WARN__DUPLICATE_METHOD_MATCH = YES;
				CODE_SIGN_IDENTITY = "iPhone Developer";
				COPY_PHASE_STRIP = NO;
				DEBUG_INFORMATION_FORMAT = "dwarf-with-dsym";
				ENABLE_NS_ASSERTIONS = NO;
				ENABLE_STRICT_OBJC_MSGSEND = YES;
				GCC_C_LANGUAGE_STANDARD = gnu11;
				GCC_NO_COMMON_BLOCKS = YES;
				GCC_WARN_64_TO_32_BIT_CONVERSION = YES;
				GCC_WARN_ABOUT_RETURN_TYPE = YES_ERROR;
				GCC_WARN_UNDECLARED_SELECTOR = YES;
				GCC_WARN_UNINITIALIZED_AUTOS = YES_AGGRESSIVE;
				GCC_WARN_UNUSED_FUNCTION = YES;
				GCC_WARN_UNUSED_VARIABLE = YES;
				IPHONEOS_DEPLOYMENT_TARGET = 12.0;
				MTL_ENABLE_DEBUG_INFO = NO;
				MTL_FAST_MATH = YES;
				SDKROOT = iphoneos;
				SWIFT_COMPILATION_MODE = wholemodule;
				SWIFT_OPTIMIZATION_LEVEL = "-O";
				VALIDATE_PRODUCT = YES;
			};
			name = Release;
		};
		9AAC1FB22199A26E00854093 /* Debug */ = {
			isa = XCBuildConfiguration;
			baseConfigurationReference = 51F76AD3E1DA86B4771D8E7B /* Pods-RxTodo.debug.xcconfig */;
			buildSettings = {
				ASSETCATALOG_COMPILER_APPICON_NAME = AppIcon;
				CODE_SIGN_STYLE = Automatic;
				DEVELOPMENT_TEAM = MRF7464JJH;
				INFOPLIST_FILE = "$(SRCROOT)/RxTodo/SystemFiels/Info.plist";
				LD_RUNPATH_SEARCH_PATHS = (
					"$(inherited)",
					"@executable_path/Frameworks",
				);
				PRODUCT_BUNDLE_IDENTIFIER = Zebka.RxTodo;
				PRODUCT_NAME = "$(TARGET_NAME)";
				SWIFT_VERSION = 4.2;
				TARGETED_DEVICE_FAMILY = "1,2";
			};
			name = Debug;
		};
		9AAC1FB32199A26E00854093 /* Release */ = {
			isa = XCBuildConfiguration;
			baseConfigurationReference = 967416D6CFAE6F2A96E58885 /* Pods-RxTodo.release.xcconfig */;
			buildSettings = {
				ASSETCATALOG_COMPILER_APPICON_NAME = AppIcon;
				CODE_SIGN_STYLE = Automatic;
				DEVELOPMENT_TEAM = MRF7464JJH;
				INFOPLIST_FILE = "$(SRCROOT)/RxTodo/SystemFiels/Info.plist";
				LD_RUNPATH_SEARCH_PATHS = (
					"$(inherited)",
					"@executable_path/Frameworks",
				);
				PRODUCT_BUNDLE_IDENTIFIER = Zebka.RxTodo;
				PRODUCT_NAME = "$(TARGET_NAME)";
				SWIFT_VERSION = 4.2;
				TARGETED_DEVICE_FAMILY = "1,2";
			};
			name = Release;
		};
/* End XCBuildConfiguration section */

/* Begin XCConfigurationList section */
		9AAC1F9A2199A26E00854093 /* Build configuration list for PBXProject "RxTodo" */ = {
			isa = XCConfigurationList;
			buildConfigurations = (
				9AAC1FAF2199A26E00854093 /* Debug */,
				9AAC1FB02199A26E00854093 /* Release */,
			);
			defaultConfigurationIsVisible = 0;
			defaultConfigurationName = Release;
		};
		9AAC1FB12199A26E00854093 /* Build configuration list for PBXNativeTarget "RxTodo" */ = {
			isa = XCConfigurationList;
			buildConfigurations = (
				9AAC1FB22199A26E00854093 /* Debug */,
				9AAC1FB32199A26E00854093 /* Release */,
			);
			defaultConfigurationIsVisible = 0;
			defaultConfigurationName = Release;
		};
/* End XCConfigurationList section */
	};
	rootObject = 9AAC1F972199A26E00854093 /* Project object */;
}
